// !$*UTF8*$!
{
	archiveVersion = 1;
	classes = {
	};
	objectVersion = 46;
	objects = {

/* Begin PBXBuildFile section */
		BC15280E1EF18FD600150479 /* AppDelegate.m in Sources */ = {isa = PBXBuildFile; fileRef = BC15280D1EF18FD600150479 /* AppDelegate.m */; };
		BC1528111EF18FD600150479 /* main.m in Sources */ = {isa = PBXBuildFile; fileRef = BC1528101EF18FD600150479 /* main.m */; };
		BC1528141EF18FD600150479 /* ViewController.mm in Sources */ = {isa = PBXBuildFile; fileRef = BC1528131EF18FD600150479 /* ViewController.mm */; };
		BC1528161EF18FD600150479 /* Assets.xcassets in Resources */ = {isa = PBXBuildFile; fileRef = BC1528151EF18FD600150479 /* Assets.xcassets */; };
		BC1528191EF18FD600150479 /* Main.storyboard in Resources */ = {isa = PBXBuildFile; fileRef = BC1528171EF18FD600150479 /* Main.storyboard */; };
		BC15281E1EF198BE00150479 /* machhelper.cpp in Sources */ = {isa = PBXBuildFile; fileRef = BCC5271F1E11405500F8DE94 /* machhelper.cpp */; };
		BC15281F1EF198C500150479 /* security.c in Sources */ = {isa = PBXBuildFile; fileRef = BCC527561E117DDE00F8DE94 /* security.c */; };
		BC1528201EF198CE00150479 /* MonoImage.cpp in Sources */ = {isa = PBXBuildFile; fileRef = BCC527101E113D2000F8DE94 /* MonoImage.cpp */; };
		BC1528211EF198D200150479 /* MonoClass.cpp in Sources */ = {isa = PBXBuildFile; fileRef = BCC5270C1E113D0000F8DE94 /* MonoClass.cpp */; };
		BC1528221EF198D500150479 /* MonoClassField.cpp in Sources */ = {isa = PBXBuildFile; fileRef = BCC5270E1E113D1500F8DE94 /* MonoClassField.cpp */; };
		BC1528231EF198DC00150479 /* MonoObject.cpp in Sources */ = {isa = PBXBuildFile; fileRef = BCC527121E113D2C00F8DE94 /* MonoObject.cpp */; };
		BC1528241EF198DF00150479 /* MonoStruct.cpp in Sources */ = {isa = PBXBuildFile; fileRef = BCC527141E113D3500F8DE94 /* MonoStruct.cpp */; };
		BC1528251EF198E200150479 /* MonoType.cpp in Sources */ = {isa = PBXBuildFile; fileRef = BCC527161E113D3600F8DE94 /* MonoType.cpp */; };
		BC1528261EF198E600150479 /* Mirror.cpp in Sources */ = {isa = PBXBuildFile; fileRef = BCC527271E11499900F8DE94 /* Mirror.cpp */; };
		BCB5AF721E196F0600244DDB /* HearthMirror.h in Headers */ = {isa = PBXBuildFile; fileRef = BCB5AF701E196F0600244DDB /* HearthMirror.h */; settings = {ATTRIBUTES = (Public, ); }; };
		BCB5AF761E196F5300244DDB /* security.h in Headers */ = {isa = PBXBuildFile; fileRef = BCC527571E117DDE00F8DE94 /* security.h */; settings = {ATTRIBUTES = (Public, ); }; };
		BCB5AF771E196F6200244DDB /* HearthMirror_imp.h in Headers */ = {isa = PBXBuildFile; fileRef = BCC5273B1E11768500F8DE94 /* HearthMirror_imp.h */; settings = {ATTRIBUTES = (Public, ); }; };
		BCB5AF781E196F7800244DDB /* machhelper.cpp in Sources */ = {isa = PBXBuildFile; fileRef = BCC5271F1E11405500F8DE94 /* machhelper.cpp */; };
		BCB5AF791E196F7800244DDB /* security.c in Sources */ = {isa = PBXBuildFile; fileRef = BCC527561E117DDE00F8DE94 /* security.c */; };
		BCB5AF7A1E196F7800244DDB /* MonoImage.cpp in Sources */ = {isa = PBXBuildFile; fileRef = BCC527101E113D2000F8DE94 /* MonoImage.cpp */; };
		BCB5AF7B1E196F7800244DDB /* MonoClass.cpp in Sources */ = {isa = PBXBuildFile; fileRef = BCC5270C1E113D0000F8DE94 /* MonoClass.cpp */; };
		BCB5AF7C1E196F7800244DDB /* MonoClassField.cpp in Sources */ = {isa = PBXBuildFile; fileRef = BCC5270E1E113D1500F8DE94 /* MonoClassField.cpp */; };
		BCB5AF7D1E196F7800244DDB /* MonoObject.cpp in Sources */ = {isa = PBXBuildFile; fileRef = BCC527121E113D2C00F8DE94 /* MonoObject.cpp */; };
		BCB5AF7E1E196F7800244DDB /* MonoStruct.cpp in Sources */ = {isa = PBXBuildFile; fileRef = BCC527141E113D3500F8DE94 /* MonoStruct.cpp */; };
		BCB5AF7F1E196F7800244DDB /* MonoType.cpp in Sources */ = {isa = PBXBuildFile; fileRef = BCC527161E113D3600F8DE94 /* MonoType.cpp */; };
		BCB5AF801E196F7800244DDB /* Mirror.cpp in Sources */ = {isa = PBXBuildFile; fileRef = BCC527271E11499900F8DE94 /* Mirror.cpp */; };
		BCB5AF811E196F7800244DDB /* HearthMirror_imp.mm in Sources */ = {isa = PBXBuildFile; fileRef = BCC5273F1E11768500F8DE94 /* HearthMirror_imp.mm */; };
		BCB5AF821E196F8600244DDB /* Security.framework in Frameworks */ = {isa = PBXBuildFile; fileRef = BCC5274D1E11772400F8DE94 /* Security.framework */; };
		BCB5AF831E19708B00244DDB /* HearthMirror.framework in Frameworks */ = {isa = PBXBuildFile; fileRef = BCB5AF6E1E196F0600244DDB /* HearthMirror.framework */; };
		BCB5AF861E197D7900244DDB /* Mirror.hpp in Headers */ = {isa = PBXBuildFile; fileRef = BCC527281E11499900F8DE94 /* Mirror.hpp */; };
		BCC527311E11760F00F8DE94 /* main.m in Sources */ = {isa = PBXBuildFile; fileRef = BCC527301E11760F00F8DE94 /* main.m */; };
		BCC527401E11768500F8DE94 /* HearthMirror_imp.mm in Sources */ = {isa = PBXBuildFile; fileRef = BCC5273F1E11768500F8DE94 /* HearthMirror_imp.mm */; };
		BCC527441E1176C400F8DE94 /* machhelper.cpp in Sources */ = {isa = PBXBuildFile; fileRef = BCC5271F1E11405500F8DE94 /* machhelper.cpp */; };
		BCC527451E1176C400F8DE94 /* MonoImage.cpp in Sources */ = {isa = PBXBuildFile; fileRef = BCC527101E113D2000F8DE94 /* MonoImage.cpp */; };
		BCC527461E1176C400F8DE94 /* MonoClass.cpp in Sources */ = {isa = PBXBuildFile; fileRef = BCC5270C1E113D0000F8DE94 /* MonoClass.cpp */; };
		BCC527471E1176C400F8DE94 /* MonoClassField.cpp in Sources */ = {isa = PBXBuildFile; fileRef = BCC5270E1E113D1500F8DE94 /* MonoClassField.cpp */; };
		BCC527481E1176C400F8DE94 /* MonoObject.cpp in Sources */ = {isa = PBXBuildFile; fileRef = BCC527121E113D2C00F8DE94 /* MonoObject.cpp */; };
		BCC527491E1176C400F8DE94 /* MonoStruct.cpp in Sources */ = {isa = PBXBuildFile; fileRef = BCC527141E113D3500F8DE94 /* MonoStruct.cpp */; };
		BCC5274A1E1176C400F8DE94 /* MonoType.cpp in Sources */ = {isa = PBXBuildFile; fileRef = BCC527161E113D3600F8DE94 /* MonoType.cpp */; };
		BCC5274B1E1176C400F8DE94 /* Mirror.cpp in Sources */ = {isa = PBXBuildFile; fileRef = BCC527271E11499900F8DE94 /* Mirror.cpp */; };
		BCC5274E1E11772400F8DE94 /* Security.framework in Frameworks */ = {isa = PBXBuildFile; fileRef = BCC5274D1E11772400F8DE94 /* Security.framework */; };
		BCC527501E11782500F8DE94 /* Mirror.hpp in Headers */ = {isa = PBXBuildFile; fileRef = BCC527281E11499900F8DE94 /* Mirror.hpp */; settings = {ATTRIBUTES = (Public, ); }; };
		BCC527511E11791300F8DE94 /* HearthMirror_imp.h in Headers */ = {isa = PBXBuildFile; fileRef = BCC5273B1E11768500F8DE94 /* HearthMirror_imp.h */; settings = {ATTRIBUTES = (Public, ); }; };
		BCC527581E117DDE00F8DE94 /* security.c in Sources */ = {isa = PBXBuildFile; fileRef = BCC527561E117DDE00F8DE94 /* security.c */; };
		BCC527591E117DDE00F8DE94 /* security.h in Headers */ = {isa = PBXBuildFile; fileRef = BCC527571E117DDE00F8DE94 /* security.h */; settings = {ATTRIBUTES = (Public, ); }; };
/* End PBXBuildFile section */

/* Begin PBXContainerItemProxy section */
		BCB5AF841E19729B00244DDB /* PBXContainerItemProxy */ = {
			isa = PBXContainerItemProxy;
			containerPortal = BCCEAB001DF46C5200CC936C /* Project object */;
			proxyType = 1;
			remoteGlobalIDString = BCB5AF6D1E196F0600244DDB;
			remoteInfo = HearthMirrorFW;
		};
/* End PBXContainerItemProxy section */

/* Begin PBXCopyFilesBuildPhase section */
		BCC5272C1E11760F00F8DE94 /* CopyFiles */ = {
			isa = PBXCopyFilesBuildPhase;
			buildActionMask = 2147483647;
			dstPath = /usr/share/man/man1/;
			dstSubfolderSpec = 0;
			files = (
			);
			runOnlyForDeploymentPostprocessing = 1;
		};
/* End PBXCopyFilesBuildPhase section */

/* Begin PBXFileReference section */
		BC15280A1EF18FD600150479 /* MirrorBrowser.app */ = {isa = PBXFileReference; explicitFileType = wrapper.application; includeInIndex = 0; path = MirrorBrowser.app; sourceTree = BUILT_PRODUCTS_DIR; };
		BC15280C1EF18FD600150479 /* AppDelegate.h */ = {isa = PBXFileReference; lastKnownFileType = sourcecode.c.h; path = AppDelegate.h; sourceTree = "<group>"; };
		BC15280D1EF18FD600150479 /* AppDelegate.m */ = {isa = PBXFileReference; lastKnownFileType = sourcecode.c.objc; path = AppDelegate.m; sourceTree = "<group>"; };
		BC1528101EF18FD600150479 /* main.m */ = {isa = PBXFileReference; lastKnownFileType = sourcecode.c.objc; path = main.m; sourceTree = "<group>"; };
		BC1528121EF18FD600150479 /* ViewController.h */ = {isa = PBXFileReference; lastKnownFileType = sourcecode.c.h; path = ViewController.h; sourceTree = "<group>"; };
		BC1528131EF18FD600150479 /* ViewController.mm */ = {isa = PBXFileReference; lastKnownFileType = sourcecode.cpp.objcpp; path = ViewController.mm; sourceTree = "<group>"; };
		BC1528151EF18FD600150479 /* Assets.xcassets */ = {isa = PBXFileReference; lastKnownFileType = folder.assetcatalog; path = Assets.xcassets; sourceTree = "<group>"; };
		BC1528181EF18FD600150479 /* Base */ = {isa = PBXFileReference; lastKnownFileType = file.storyboard; name = Base; path = Base.lproj/Main.storyboard; sourceTree = "<group>"; };
		BC15281A1EF18FD600150479 /* Info.plist */ = {isa = PBXFileReference; lastKnownFileType = text.plist.xml; path = Info.plist; sourceTree = "<group>"; };
		BCB5AF6E1E196F0600244DDB /* HearthMirror.framework */ = {isa = PBXFileReference; explicitFileType = wrapper.framework; includeInIndex = 0; path = HearthMirror.framework; sourceTree = BUILT_PRODUCTS_DIR; };
		BCB5AF701E196F0600244DDB /* HearthMirror.h */ = {isa = PBXFileReference; lastKnownFileType = sourcecode.c.h; path = HearthMirror.h; sourceTree = "<group>"; };
		BCB5AF711E196F0600244DDB /* Info.plist */ = {isa = PBXFileReference; lastKnownFileType = text.plist.xml; path = Info.plist; sourceTree = "<group>"; };
		BCC527081E11347600F8DE94 /* memhelper.h */ = {isa = PBXFileReference; lastKnownFileType = sourcecode.c.h; path = memhelper.h; sourceTree = "<group>"; };
		BCC5270C1E113D0000F8DE94 /* MonoClass.cpp */ = {isa = PBXFileReference; lastKnownFileType = sourcecode.cpp.cpp; name = MonoClass.cpp; path = Mono/MonoClass.cpp; sourceTree = "<group>"; };
		BCC5270E1E113D1500F8DE94 /* MonoClassField.cpp */ = {isa = PBXFileReference; lastKnownFileType = sourcecode.cpp.cpp; name = MonoClassField.cpp; path = Mono/MonoClassField.cpp; sourceTree = "<group>"; };
		BCC527101E113D2000F8DE94 /* MonoImage.cpp */ = {isa = PBXFileReference; lastKnownFileType = sourcecode.cpp.cpp; name = MonoImage.cpp; path = Mono/MonoImage.cpp; sourceTree = "<group>"; };
		BCC527121E113D2C00F8DE94 /* MonoObject.cpp */ = {isa = PBXFileReference; lastKnownFileType = sourcecode.cpp.cpp; name = MonoObject.cpp; path = Mono/MonoObject.cpp; sourceTree = "<group>"; };
		BCC527141E113D3500F8DE94 /* MonoStruct.cpp */ = {isa = PBXFileReference; lastKnownFileType = sourcecode.cpp.cpp; name = MonoStruct.cpp; path = Mono/MonoStruct.cpp; sourceTree = "<group>"; };
		BCC527161E113D3600F8DE94 /* MonoType.cpp */ = {isa = PBXFileReference; lastKnownFileType = sourcecode.cpp.cpp; name = MonoType.cpp; path = Mono/MonoType.cpp; sourceTree = "<group>"; };
		BCC527191E113D6B00F8DE94 /* MonoClass.hpp */ = {isa = PBXFileReference; lastKnownFileType = sourcecode.cpp.h; name = MonoClass.hpp; path = Mono/MonoClass.hpp; sourceTree = "<group>"; };
		BCC5271A1E113D7B00F8DE94 /* MonoClassField.hpp */ = {isa = PBXFileReference; lastKnownFileType = sourcecode.cpp.h; name = MonoClassField.hpp; path = Mono/MonoClassField.hpp; sourceTree = "<group>"; };
		BCC5271B1E113D7B00F8DE94 /* MonoImage.hpp */ = {isa = PBXFileReference; lastKnownFileType = sourcecode.cpp.h; name = MonoImage.hpp; path = Mono/MonoImage.hpp; sourceTree = "<group>"; };
		BCC5271C1E113D7B00F8DE94 /* MonoObject.hpp */ = {isa = PBXFileReference; lastKnownFileType = sourcecode.cpp.h; name = MonoObject.hpp; path = Mono/MonoObject.hpp; sourceTree = "<group>"; };
		BCC5271D1E113D7B00F8DE94 /* MonoStruct.hpp */ = {isa = PBXFileReference; lastKnownFileType = sourcecode.cpp.h; name = MonoStruct.hpp; path = Mono/MonoStruct.hpp; sourceTree = "<group>"; };
		BCC5271E1E113D7B00F8DE94 /* MonoType.hpp */ = {isa = PBXFileReference; lastKnownFileType = sourcecode.cpp.h; name = MonoType.hpp; path = Mono/MonoType.hpp; sourceTree = "<group>"; };
		BCC5271F1E11405500F8DE94 /* machhelper.cpp */ = {isa = PBXFileReference; lastKnownFileType = sourcecode.cpp.cpp; name = machhelper.cpp; path = Helpers/machhelper.cpp; sourceTree = "<group>"; };
		BCC527221E11406800F8DE94 /* offsets.h */ = {isa = PBXFileReference; fileEncoding = 4; lastKnownFileType = sourcecode.c.h; name = offsets.h; path = Helpers/offsets.h; sourceTree = "<group>"; };
		BCC527241E11406800F8DE94 /* machhelper.h */ = {isa = PBXFileReference; fileEncoding = 4; lastKnownFileType = sourcecode.c.h; name = machhelper.h; path = Helpers/machhelper.h; sourceTree = "<group>"; };
		BCC527271E11499900F8DE94 /* Mirror.cpp */ = {isa = PBXFileReference; fileEncoding = 4; lastKnownFileType = sourcecode.cpp.cpp; path = Mirror.cpp; sourceTree = "<group>"; };
		BCC527281E11499900F8DE94 /* Mirror.hpp */ = {isa = PBXFileReference; fileEncoding = 4; lastKnownFileType = sourcecode.cpp.h; path = Mirror.hpp; sourceTree = "<group>"; };
		BCC5272E1E11760F00F8DE94 /* TestAppMacOS */ = {isa = PBXFileReference; explicitFileType = "compiled.mach-o.executable"; includeInIndex = 0; path = TestAppMacOS; sourceTree = BUILT_PRODUCTS_DIR; };
		BCC527301E11760F00F8DE94 /* main.m */ = {isa = PBXFileReference; lastKnownFileType = sourcecode.c.objc; path = main.m; sourceTree = "<group>"; };
		BCC527391E11768400F8DE94 /* libHearthMirror.dylib */ = {isa = PBXFileReference; explicitFileType = "compiled.mach-o.dylib"; includeInIndex = 0; path = libHearthMirror.dylib; sourceTree = BUILT_PRODUCTS_DIR; };
		BCC5273B1E11768500F8DE94 /* HearthMirror_imp.h */ = {isa = PBXFileReference; lastKnownFileType = sourcecode.c.h; path = HearthMirror_imp.h; sourceTree = "<group>"; };
		BCC5273F1E11768500F8DE94 /* HearthMirror_imp.mm */ = {isa = PBXFileReference; lastKnownFileType = sourcecode.cpp.objcpp; path = HearthMirror_imp.mm; sourceTree = "<group>"; };
		BCC5274D1E11772400F8DE94 /* Security.framework */ = {isa = PBXFileReference; lastKnownFileType = wrapper.framework; name = Security.framework; path = System/Library/Frameworks/Security.framework; sourceTree = SDKROOT; };
		BCC527561E117DDE00F8DE94 /* security.c */ = {isa = PBXFileReference; fileEncoding = 4; lastKnownFileType = sourcecode.c.c; name = security.c; path = Helpers/security.c; sourceTree = "<group>"; };
		BCC527571E117DDE00F8DE94 /* security.h */ = {isa = PBXFileReference; fileEncoding = 4; lastKnownFileType = sourcecode.c.h; name = security.h; path = Helpers/security.h; sourceTree = "<group>"; };
		BCCEAB151DF4922200CC936C /* Info.plist */ = {isa = PBXFileReference; fileEncoding = 4; lastKnownFileType = text.plist.xml; path = Info.plist; sourceTree = "<group>"; };
		BCCEAB1A1DF4C5C500CC936C /* AppKit.framework */ = {isa = PBXFileReference; lastKnownFileType = wrapper.framework; name = AppKit.framework; path = System/Library/Frameworks/AppKit.framework; sourceTree = SDKROOT; };
/* End PBXFileReference section */

/* Begin PBXFrameworksBuildPhase section */
		BC1528071EF18FD600150479 /* Frameworks */ = {
			isa = PBXFrameworksBuildPhase;
			buildActionMask = 2147483647;
			files = (
			);
			runOnlyForDeploymentPostprocessing = 0;
		};
		BCB5AF6A1E196F0600244DDB /* Frameworks */ = {
			isa = PBXFrameworksBuildPhase;
			buildActionMask = 2147483647;
			files = (
				BCB5AF821E196F8600244DDB /* Security.framework in Frameworks */,
			);
			runOnlyForDeploymentPostprocessing = 0;
		};
		BCC5272B1E11760F00F8DE94 /* Frameworks */ = {
			isa = PBXFrameworksBuildPhase;
			buildActionMask = 2147483647;
			files = (
				BCB5AF831E19708B00244DDB /* HearthMirror.framework in Frameworks */,
			);
			runOnlyForDeploymentPostprocessing = 0;
		};
		BCC527361E11768400F8DE94 /* Frameworks */ = {
			isa = PBXFrameworksBuildPhase;
			buildActionMask = 2147483647;
			files = (
				BCC5274E1E11772400F8DE94 /* Security.framework in Frameworks */,
			);
			runOnlyForDeploymentPostprocessing = 0;
		};
/* End PBXFrameworksBuildPhase section */

/* Begin PBXGroup section */
		BC15280B1EF18FD600150479 /* MirrorBrowser */ = {
			isa = PBXGroup;
			children = (
				BC15280C1EF18FD600150479 /* AppDelegate.h */,
				BC15280D1EF18FD600150479 /* AppDelegate.m */,
				BC1528121EF18FD600150479 /* ViewController.h */,
				BC1528131EF18FD600150479 /* ViewController.mm */,
				BC1528151EF18FD600150479 /* Assets.xcassets */,
				BC1528171EF18FD600150479 /* Main.storyboard */,
				BC15281A1EF18FD600150479 /* Info.plist */,
				BC15280F1EF18FD600150479 /* Supporting Files */,
			);
			path = MirrorBrowser;
			sourceTree = "<group>";
		};
		BC15280F1EF18FD600150479 /* Supporting Files */ = {
			isa = PBXGroup;
			children = (
				BC1528101EF18FD600150479 /* main.m */,
			);
			name = "Supporting Files";
			sourceTree = "<group>";
		};
		BCB5AF6F1E196F0600244DDB /* HearthMirrorFW */ = {
			isa = PBXGroup;
			children = (
				BCB5AF701E196F0600244DDB /* HearthMirror.h */,
				BCB5AF711E196F0600244DDB /* Info.plist */,
			);
			path = HearthMirrorFW;
			sourceTree = "<group>";
		};
		BCC527181E113D4900F8DE94 /* Mono */ = {
			isa = PBXGroup;
			children = (
				BCC5271B1E113D7B00F8DE94 /* MonoImage.hpp */,
				BCC527101E113D2000F8DE94 /* MonoImage.cpp */,
				BCC527191E113D6B00F8DE94 /* MonoClass.hpp */,
				BCC5270C1E113D0000F8DE94 /* MonoClass.cpp */,
				BCC5271A1E113D7B00F8DE94 /* MonoClassField.hpp */,
				BCC5270E1E113D1500F8DE94 /* MonoClassField.cpp */,
				BCC5271C1E113D7B00F8DE94 /* MonoObject.hpp */,
				BCC527121E113D2C00F8DE94 /* MonoObject.cpp */,
				BCC5271D1E113D7B00F8DE94 /* MonoStruct.hpp */,
				BCC527141E113D3500F8DE94 /* MonoStruct.cpp */,
				BCC5271E1E113D7B00F8DE94 /* MonoType.hpp */,
				BCC527161E113D3600F8DE94 /* MonoType.cpp */,
			);
			name = Mono;
			sourceTree = "<group>";
		};
		BCC527211E11405B00F8DE94 /* Helpers */ = {
			isa = PBXGroup;
			children = (
				BCC5271F1E11405500F8DE94 /* machhelper.cpp */,
				BCC527221E11406800F8DE94 /* offsets.h */,
				BCC527241E11406800F8DE94 /* machhelper.h */,
				BCC527561E117DDE00F8DE94 /* security.c */,
				BCC527571E117DDE00F8DE94 /* security.h */,
			);
			name = Helpers;
			sourceTree = "<group>";
		};
		BCC5272F1E11760F00F8DE94 /* TestAppMacOS */ = {
			isa = PBXGroup;
			children = (
				BCC527301E11760F00F8DE94 /* main.m */,
			);
			path = TestAppMacOS;
			sourceTree = "<group>";
		};
		BCC5273A1E11768500F8DE94 /* HearthMirror */ = {
			isa = PBXGroup;
			children = (
				BCC5273B1E11768500F8DE94 /* HearthMirror_imp.h */,
				BCC5273F1E11768500F8DE94 /* HearthMirror_imp.mm */,
			);
			path = HearthMirror;
			sourceTree = "<group>";
		};
		BCCEAAFF1DF46C5200CC936C = {
			isa = PBXGroup;
			children = (
				BCCEAB0A1DF46C5200CC936C /* HearthMirror */,
				BCC5272F1E11760F00F8DE94 /* TestAppMacOS */,
				BCC5273A1E11768500F8DE94 /* HearthMirror */,
				BCB5AF6F1E196F0600244DDB /* HearthMirrorFW */,
				BC15280B1EF18FD600150479 /* MirrorBrowser */,
				BCCEAB091DF46C5200CC936C /* Products */,
				BCCEAB191DF4C5C400CC936C /* Frameworks */,
			);
			sourceTree = "<group>";
		};
		BCCEAB091DF46C5200CC936C /* Products */ = {
			isa = PBXGroup;
			children = (
				BCC5272E1E11760F00F8DE94 /* TestAppMacOS */,
				BCC527391E11768400F8DE94 /* libHearthMirror.dylib */,
				BCB5AF6E1E196F0600244DDB /* HearthMirror.framework */,
				BC15280A1EF18FD600150479 /* MirrorBrowser.app */,
			);
			name = Products;
			sourceTree = "<group>";
		};
		BCCEAB0A1DF46C5200CC936C /* HearthMirror */ = {
			isa = PBXGroup;
			children = (
				BCC527211E11405B00F8DE94 /* Helpers */,
				BCC527181E113D4900F8DE94 /* Mono */,
				BCCEAB151DF4922200CC936C /* Info.plist */,
				BCC527081E11347600F8DE94 /* memhelper.h */,
				BCC527271E11499900F8DE94 /* Mirror.cpp */,
				BCC527281E11499900F8DE94 /* Mirror.hpp */,
			);
			path = HearthMirror;
			sourceTree = "<group>";
		};
		BCCEAB191DF4C5C400CC936C /* Frameworks */ = {
			isa = PBXGroup;
			children = (
				BCC5274D1E11772400F8DE94 /* Security.framework */,
				BCCEAB1A1DF4C5C500CC936C /* AppKit.framework */,
			);
			name = Frameworks;
			sourceTree = "<group>";
		};
/* End PBXGroup section */

/* Begin PBXHeadersBuildPhase section */
		BCB5AF6B1E196F0600244DDB /* Headers */ = {
			isa = PBXHeadersBuildPhase;
			buildActionMask = 2147483647;
			files = (
				BCB5AF721E196F0600244DDB /* HearthMirror.h in Headers */,
				BCB5AF761E196F5300244DDB /* security.h in Headers */,
				BCB5AF771E196F6200244DDB /* HearthMirror_imp.h in Headers */,
				BCB5AF861E197D7900244DDB /* Mirror.hpp in Headers */,
			);
			runOnlyForDeploymentPostprocessing = 0;
		};
		BCC527371E11768400F8DE94 /* Headers */ = {
			isa = PBXHeadersBuildPhase;
			buildActionMask = 2147483647;
			files = (
				BCC527511E11791300F8DE94 /* HearthMirror_imp.h in Headers */,
				BCC527591E117DDE00F8DE94 /* security.h in Headers */,
				BCC527501E11782500F8DE94 /* Mirror.hpp in Headers */,
			);
			runOnlyForDeploymentPostprocessing = 0;
		};
/* End PBXHeadersBuildPhase section */

/* Begin PBXNativeTarget section */
		BC1528091EF18FD600150479 /* MirrorBrowser */ = {
			isa = PBXNativeTarget;
			buildConfigurationList = BC15281D1EF18FD600150479 /* Build configuration list for PBXNativeTarget "MirrorBrowser" */;
			buildPhases = (
				BC1528061EF18FD600150479 /* Sources */,
				BC1528071EF18FD600150479 /* Frameworks */,
				BC1528081EF18FD600150479 /* Resources */,
			);
			buildRules = (
			);
			dependencies = (
			);
			name = MirrorBrowser;
			productName = MirrorBrowser;
			productReference = BC15280A1EF18FD600150479 /* MirrorBrowser.app */;
			productType = "com.apple.product-type.application";
		};
		BCB5AF6D1E196F0600244DDB /* HearthMirrorFW */ = {
			isa = PBXNativeTarget;
			buildConfigurationList = BCB5AF751E196F0600244DDB /* Build configuration list for PBXNativeTarget "HearthMirrorFW" */;
			buildPhases = (
				BCB5AF691E196F0600244DDB /* Sources */,
				BCB5AF6A1E196F0600244DDB /* Frameworks */,
				BCB5AF6B1E196F0600244DDB /* Headers */,
				BCB5AF6C1E196F0600244DDB /* Resources */,
			);
			buildRules = (
			);
			dependencies = (
			);
			name = HearthMirrorFW;
			productName = HearthMirrorFW;
			productReference = BCB5AF6E1E196F0600244DDB /* HearthMirror.framework */;
			productType = "com.apple.product-type.framework";
		};
		BCC5272D1E11760F00F8DE94 /* TestAppMacOS */ = {
			isa = PBXNativeTarget;
			buildConfigurationList = BCC527341E11760F00F8DE94 /* Build configuration list for PBXNativeTarget "TestAppMacOS" */;
			buildPhases = (
				BCC5272A1E11760F00F8DE94 /* Sources */,
				BCC5272B1E11760F00F8DE94 /* Frameworks */,
				BCC5272C1E11760F00F8DE94 /* CopyFiles */,
			);
			buildRules = (
			);
			dependencies = (
				BCB5AF851E19729B00244DDB /* PBXTargetDependency */,
			);
			name = TestAppMacOS;
			productName = TestAppMacOS;
			productReference = BCC5272E1E11760F00F8DE94 /* TestAppMacOS */;
			productType = "com.apple.product-type.tool";
		};
		BCC527381E11768400F8DE94 /* HearthMirrorLib */ = {
			isa = PBXNativeTarget;
			buildConfigurationList = BCC527411E11768500F8DE94 /* Build configuration list for PBXNativeTarget "HearthMirrorLib" */;
			buildPhases = (
				BCC527351E11768400F8DE94 /* Sources */,
				BCC527361E11768400F8DE94 /* Frameworks */,
				BCC527371E11768400F8DE94 /* Headers */,
			);
			buildRules = (
			);
			dependencies = (
			);
			name = HearthMirrorLib;
			productName = HearthMirror;
			productReference = BCC527391E11768400F8DE94 /* libHearthMirror.dylib */;
			productType = "com.apple.product-type.library.dynamic";
		};
/* End PBXNativeTarget section */

/* Begin PBXProject section */
		BCCEAB001DF46C5200CC936C /* Project object */ = {
			isa = PBXProject;
			attributes = {
				LastUpgradeCheck = 0820;
				ORGANIZATIONNAME = com.ifehervari;
				TargetAttributes = {
					BC1528091EF18FD600150479 = {
						CreatedOnToolsVersion = 8.3.2;
						DevelopmentTeam = LCPPMESTJX;
						ProvisioningStyle = Automatic;
					};
					BCB5AF6D1E196F0600244DDB = {
						CreatedOnToolsVersion = 8.2.1;
						DevelopmentTeam = LCPPMESTJX;
						ProvisioningStyle = Automatic;
					};
					BCC5272D1E11760F00F8DE94 = {
						CreatedOnToolsVersion = 8.2.1;
						DevelopmentTeam = LCPPMESTJX;
						ProvisioningStyle = Automatic;
					};
					BCC527381E11768400F8DE94 = {
						CreatedOnToolsVersion = 8.2.1;
						DevelopmentTeam = LCPPMESTJX;
						ProvisioningStyle = Automatic;
					};
				};
			};
			buildConfigurationList = BCCEAB031DF46C5200CC936C /* Build configuration list for PBXProject "HearthMirror" */;
			compatibilityVersion = "Xcode 3.2";
			developmentRegion = English;
			hasScannedForEncodings = 0;
			knownRegions = (
				en,
				Base,
			);
			mainGroup = BCCEAAFF1DF46C5200CC936C;
			productRefGroup = BCCEAB091DF46C5200CC936C /* Products */;
			projectDirPath = "";
			projectRoot = "";
			targets = (
				BCC5272D1E11760F00F8DE94 /* TestAppMacOS */,
				BCC527381E11768400F8DE94 /* HearthMirrorLib */,
				BCB5AF6D1E196F0600244DDB /* HearthMirrorFW */,
				BC1528091EF18FD600150479 /* MirrorBrowser */,
			);
		};
/* End PBXProject section */

/* Begin PBXResourcesBuildPhase section */
		BC1528081EF18FD600150479 /* Resources */ = {
			isa = PBXResourcesBuildPhase;
			buildActionMask = 2147483647;
			files = (
				BC1528161EF18FD600150479 /* Assets.xcassets in Resources */,
				BC1528191EF18FD600150479 /* Main.storyboard in Resources */,
			);
			runOnlyForDeploymentPostprocessing = 0;
		};
		BCB5AF6C1E196F0600244DDB /* Resources */ = {
			isa = PBXResourcesBuildPhase;
			buildActionMask = 2147483647;
			files = (
			);
			runOnlyForDeploymentPostprocessing = 0;
		};
/* End PBXResourcesBuildPhase section */

/* Begin PBXSourcesBuildPhase section */
		BC1528061EF18FD600150479 /* Sources */ = {
			isa = PBXSourcesBuildPhase;
			buildActionMask = 2147483647;
			files = (
				BC1528141EF18FD600150479 /* ViewController.mm in Sources */,
				BC1528111EF18FD600150479 /* main.m in Sources */,
				BC15280E1EF18FD600150479 /* AppDelegate.m in Sources */,
				BC15281E1EF198BE00150479 /* machhelper.cpp in Sources */,
				BC15281F1EF198C500150479 /* security.c in Sources */,
				BC1528201EF198CE00150479 /* MonoImage.cpp in Sources */,
				BC1528211EF198D200150479 /* MonoClass.cpp in Sources */,
				BC1528221EF198D500150479 /* MonoClassField.cpp in Sources */,
				BC1528231EF198DC00150479 /* MonoObject.cpp in Sources */,
				BC1528241EF198DF00150479 /* MonoStruct.cpp in Sources */,
				BC1528251EF198E200150479 /* MonoType.cpp in Sources */,
				BC1528261EF198E600150479 /* Mirror.cpp in Sources */,
			);
			runOnlyForDeploymentPostprocessing = 0;
		};
		BCB5AF691E196F0600244DDB /* Sources */ = {
			isa = PBXSourcesBuildPhase;
			buildActionMask = 2147483647;
			files = (
				BCB5AF781E196F7800244DDB /* machhelper.cpp in Sources */,
				BCB5AF791E196F7800244DDB /* security.c in Sources */,
				BCB5AF7A1E196F7800244DDB /* MonoImage.cpp in Sources */,
				BCB5AF7B1E196F7800244DDB /* MonoClass.cpp in Sources */,
				BCB5AF7C1E196F7800244DDB /* MonoClassField.cpp in Sources */,
				BCB5AF7D1E196F7800244DDB /* MonoObject.cpp in Sources */,
				BCB5AF7E1E196F7800244DDB /* MonoStruct.cpp in Sources */,
				BCB5AF7F1E196F7800244DDB /* MonoType.cpp in Sources */,
				BCB5AF801E196F7800244DDB /* Mirror.cpp in Sources */,
				BCB5AF811E196F7800244DDB /* HearthMirror_imp.mm in Sources */,
			);
			runOnlyForDeploymentPostprocessing = 0;
		};
		BCC5272A1E11760F00F8DE94 /* Sources */ = {
			isa = PBXSourcesBuildPhase;
			buildActionMask = 2147483647;
			files = (
				BCC527311E11760F00F8DE94 /* main.m in Sources */,
			);
			runOnlyForDeploymentPostprocessing = 0;
		};
		BCC527351E11768400F8DE94 /* Sources */ = {
			isa = PBXSourcesBuildPhase;
			buildActionMask = 2147483647;
			files = (
				BCC527441E1176C400F8DE94 /* machhelper.cpp in Sources */,
				BCC527451E1176C400F8DE94 /* MonoImage.cpp in Sources */,
				BCC527461E1176C400F8DE94 /* MonoClass.cpp in Sources */,
				BCC527471E1176C400F8DE94 /* MonoClassField.cpp in Sources */,
				BCC527481E1176C400F8DE94 /* MonoObject.cpp in Sources */,
				BCC527491E1176C400F8DE94 /* MonoStruct.cpp in Sources */,
				BCC5274A1E1176C400F8DE94 /* MonoType.cpp in Sources */,
				BCC5274B1E1176C400F8DE94 /* Mirror.cpp in Sources */,
				BCC527401E11768500F8DE94 /* HearthMirror_imp.mm in Sources */,
				BCC527581E117DDE00F8DE94 /* security.c in Sources */,
			);
			runOnlyForDeploymentPostprocessing = 0;
		};
/* End PBXSourcesBuildPhase section */

/* Begin PBXTargetDependency section */
		BCB5AF851E19729B00244DDB /* PBXTargetDependency */ = {
			isa = PBXTargetDependency;
			target = BCB5AF6D1E196F0600244DDB /* HearthMirrorFW */;
			targetProxy = BCB5AF841E19729B00244DDB /* PBXContainerItemProxy */;
		};
/* End PBXTargetDependency section */

/* Begin PBXVariantGroup section */
		BC1528171EF18FD600150479 /* Main.storyboard */ = {
			isa = PBXVariantGroup;
			children = (
				BC1528181EF18FD600150479 /* Base */,
			);
			name = Main.storyboard;
			sourceTree = "<group>";
		};
/* End PBXVariantGroup section */

/* Begin XCBuildConfiguration section */
		BC15281B1EF18FD600150479 /* Debug */ = {
			isa = XCBuildConfiguration;
			buildSettings = {
				ASSETCATALOG_COMPILER_APPICON_NAME = AppIcon;
				CLANG_ANALYZER_NUMBER_OBJECT_CONVERSION = YES_AGGRESSIVE;
				CODE_SIGN_IDENTITY = "Mac Developer";
				COMBINE_HIDPI_IMAGES = YES;
				DEVELOPMENT_TEAM = "";
				INFOPLIST_FILE = MirrorBrowser/Info.plist;
				LD_RUNPATH_SEARCH_PATHS = "$(inherited) @executable_path/../Frameworks";
				PRODUCT_BUNDLE_IDENTIFIER = com.ifehervari.MirrorBrowser;
				PRODUCT_NAME = "$(TARGET_NAME)";
				PROVISIONING_PROFILE_SPECIFIER = "";
			};
			name = Debug;
		};
		BC15281C1EF18FD600150479 /* Release */ = {
			isa = XCBuildConfiguration;
			buildSettings = {
				ASSETCATALOG_COMPILER_APPICON_NAME = AppIcon;
				CLANG_ANALYZER_NUMBER_OBJECT_CONVERSION = YES_AGGRESSIVE;
				CODE_SIGN_IDENTITY = "Mac Developer";
				COMBINE_HIDPI_IMAGES = YES;
				DEVELOPMENT_TEAM = "";
				INFOPLIST_FILE = MirrorBrowser/Info.plist;
				LD_RUNPATH_SEARCH_PATHS = "$(inherited) @executable_path/../Frameworks";
				PRODUCT_BUNDLE_IDENTIFIER = com.ifehervari.MirrorBrowser;
				PRODUCT_NAME = "$(TARGET_NAME)";
				PROVISIONING_PROFILE_SPECIFIER = "";
			};
			name = Release;
		};
		BCB5AF731E196F0600244DDB /* Debug */ = {
			isa = XCBuildConfiguration;
			buildSettings = {
				CODE_SIGN_IDENTITY = "";
				COMBINE_HIDPI_IMAGES = YES;
				CURRENT_PROJECT_VERSION = 1;
				DEFINES_MODULE = YES;
				DEVELOPMENT_TEAM = LCPPMESTJX;
				DYLIB_COMPATIBILITY_VERSION = 1;
				DYLIB_CURRENT_VERSION = 1;
				DYLIB_INSTALL_NAME_BASE = "@rpath";
				FRAMEWORK_VERSION = A;
				INFOPLIST_FILE = HearthMirrorFW/Info.plist;
				INSTALL_PATH = "$(LOCAL_LIBRARY_DIR)/Frameworks";
				LD_RUNPATH_SEARCH_PATHS = "$(inherited) @executable_path/../Frameworks @loader_path/Frameworks";
				MACOSX_DEPLOYMENT_TARGET = 10.10;
				PRODUCT_BUNDLE_IDENTIFIER = com.ifehervari.HearthMirror;
				PRODUCT_NAME = HearthMirror;
				SKIP_INSTALL = YES;
				VERSIONING_SYSTEM = "apple-generic";
				VERSION_INFO_PREFIX = "";
			};
			name = Debug;
		};
		BCB5AF741E196F0600244DDB /* Release */ = {
			isa = XCBuildConfiguration;
			buildSettings = {
				CODE_SIGN_IDENTITY = "";
				COMBINE_HIDPI_IMAGES = YES;
				CURRENT_PROJECT_VERSION = 1;
				DEFINES_MODULE = YES;
				DEVELOPMENT_TEAM = LCPPMESTJX;
				DYLIB_COMPATIBILITY_VERSION = 1;
				DYLIB_CURRENT_VERSION = 1;
				DYLIB_INSTALL_NAME_BASE = "@rpath";
				FRAMEWORK_VERSION = A;
				INFOPLIST_FILE = HearthMirrorFW/Info.plist;
				INSTALL_PATH = "$(LOCAL_LIBRARY_DIR)/Frameworks";
				LD_RUNPATH_SEARCH_PATHS = "$(inherited) @executable_path/../Frameworks @loader_path/Frameworks";
				MACOSX_DEPLOYMENT_TARGET = 10.10;
				PRODUCT_BUNDLE_IDENTIFIER = com.ifehervari.HearthMirror;
				PRODUCT_NAME = HearthMirror;
				SKIP_INSTALL = YES;
				VERSIONING_SYSTEM = "apple-generic";
				VERSION_INFO_PREFIX = "";
			};
			name = Release;
		};
		BCC527321E11760F00F8DE94 /* Debug */ = {
			isa = XCBuildConfiguration;
			buildSettings = {
				ALWAYS_SEARCH_USER_PATHS = NO;
				CLANG_ALLOW_NON_MODULAR_INCLUDES_IN_FRAMEWORK_MODULES = YES;
				CODE_SIGN_IDENTITY = "Mac Developer";
				CREATE_INFOPLIST_SECTION_IN_BINARY = YES;
				DEVELOPMENT_TEAM = LCPPMESTJX;
				FRAMEWORK_SEARCH_PATHS = "$(BUILT_PRODUCTS_DIR)/**";
				INFOPLIST_FILE = "$(SRCROOT)/HearthMirror/Info.plist";
				MACOSX_DEPLOYMENT_TARGET = 10.10;
				PRODUCT_BUNDLE_IDENTIFIER = com.ifehervari.hearthmirrortestapp;
				PRODUCT_NAME = "$(TARGET_NAME)";
			};
			name = Debug;
		};
		BCC527331E11760F00F8DE94 /* Release */ = {
			isa = XCBuildConfiguration;
			buildSettings = {
				ALWAYS_SEARCH_USER_PATHS = NO;
				CLANG_ALLOW_NON_MODULAR_INCLUDES_IN_FRAMEWORK_MODULES = YES;
				CODE_SIGN_IDENTITY = "Mac Developer";
				CREATE_INFOPLIST_SECTION_IN_BINARY = YES;
				DEVELOPMENT_TEAM = LCPPMESTJX;
				FRAMEWORK_SEARCH_PATHS = "$(BUILT_PRODUCTS_DIR)/**";
				INFOPLIST_FILE = "$(SRCROOT)/HearthMirror/Info.plist";
				MACOSX_DEPLOYMENT_TARGET = 10.10;
				PRODUCT_BUNDLE_IDENTIFIER = com.ifehervari.hearthmirrortestapp;
				PRODUCT_NAME = "$(TARGET_NAME)";
			};
			name = Release;
		};
		BCC527421E11768500F8DE94 /* Debug */ = {
			isa = XCBuildConfiguration;
			buildSettings = {
				CODE_SIGN_IDENTITY = "";
				DEVELOPMENT_TEAM = LCPPMESTJX;
				DYLIB_COMPATIBILITY_VERSION = 1;
				DYLIB_CURRENT_VERSION = 1;
				EXECUTABLE_PREFIX = lib;
				GCC_ENABLE_CPP_EXCEPTIONS = YES;
				GCC_ENABLE_CPP_RTTI = YES;
				GCC_SYMBOLS_PRIVATE_EXTERN = YES;
				INFOPLIST_FILE = "$(SRCROOT)/HearthMirror/Info.plist";
				LD_DYLIB_INSTALL_NAME = "@executable_path/../Frameworks/$(EXECUTABLE_PATH)";
				MACOSX_DEPLOYMENT_TARGET = 10.10;
				OTHER_CFLAGS = "";
				PRIVATE_HEADERS_FOLDER_PATH = /include;
				PRODUCT_BUNDLE_IDENTIFIER = com.ifehervari.hearthmirror;
				PRODUCT_NAME = HearthMirror;
				PUBLIC_HEADERS_FOLDER_PATH = /include;
			};
			name = Debug;
		};
		BCC527431E11768500F8DE94 /* Release */ = {
			isa = XCBuildConfiguration;
			buildSettings = {
				CODE_SIGN_IDENTITY = "";
				DEVELOPMENT_TEAM = LCPPMESTJX;
				DYLIB_COMPATIBILITY_VERSION = 1;
				DYLIB_CURRENT_VERSION = 1;
				EXECUTABLE_PREFIX = lib;
				GCC_ENABLE_CPP_EXCEPTIONS = YES;
				GCC_ENABLE_CPP_RTTI = YES;
				GCC_SYMBOLS_PRIVATE_EXTERN = YES;
				INFOPLIST_FILE = "$(SRCROOT)/HearthMirror/Info.plist";
				LD_DYLIB_INSTALL_NAME = "@executable_path/../Frameworks/$(EXECUTABLE_PATH)";
				MACOSX_DEPLOYMENT_TARGET = 10.10;
				OTHER_CFLAGS = "";
				PRIVATE_HEADERS_FOLDER_PATH = /include;
				PRODUCT_BUNDLE_IDENTIFIER = com.ifehervari.hearthmirror;
				PRODUCT_NAME = HearthMirror;
				PUBLIC_HEADERS_FOLDER_PATH = /include;
			};
			name = Release;
		};
		BCCEAB0D1DF46C5200CC936C /* Debug */ = {
			isa = XCBuildConfiguration;
			buildSettings = {
				ALWAYS_SEARCH_USER_PATHS = NO;
				CLANG_ANALYZER_NONNULL = YES;
				CLANG_CXX_LANGUAGE_STANDARD = "gnu++0x";
				CLANG_CXX_LIBRARY = "libc++";
				CLANG_ENABLE_MODULES = YES;
				CLANG_ENABLE_OBJC_ARC = YES;
				CLANG_WARN_BOOL_CONVERSION = YES;
				CLANG_WARN_CONSTANT_CONVERSION = YES;
				CLANG_WARN_DIRECT_OBJC_ISA_USAGE = YES_ERROR;
				CLANG_WARN_DOCUMENTATION_COMMENTS = YES;
				CLANG_WARN_EMPTY_BODY = YES;
				CLANG_WARN_ENUM_CONVERSION = YES;
				CLANG_WARN_INFINITE_RECURSION = YES;
				CLANG_WARN_INT_CONVERSION = YES;
				CLANG_WARN_OBJC_ROOT_CLASS = YES_ERROR;
				CLANG_WARN_SUSPICIOUS_MOVE = YES;
				CLANG_WARN_SUSPICIOUS_MOVES = YES;
				CLANG_WARN_UNREACHABLE_CODE = YES;
				CLANG_WARN__DUPLICATE_METHOD_MATCH = YES;
				CODE_SIGN_IDENTITY = "";
				COPY_PHASE_STRIP = NO;
				DEBUG_INFORMATION_FORMAT = dwarf;
				ENABLE_STRICT_OBJC_MSGSEND = YES;
				ENABLE_TESTABILITY = YES;
				GCC_C_LANGUAGE_STANDARD = gnu99;
				GCC_DYNAMIC_NO_PIC = NO;
				GCC_NO_COMMON_BLOCKS = YES;
				GCC_OPTIMIZATION_LEVEL = 0;
				GCC_PREPROCESSOR_DEFINITIONS = (
					"DEBUG=1",
					"$(inherited)",
				);
				GCC_WARN_64_TO_32_BIT_CONVERSION = YES;
				GCC_WARN_ABOUT_RETURN_TYPE = YES_ERROR;
				GCC_WARN_UNDECLARED_SELECTOR = YES;
				GCC_WARN_UNINITIALIZED_AUTOS = YES_AGGRESSIVE;
				GCC_WARN_UNUSED_FUNCTION = YES;
				GCC_WARN_UNUSED_VARIABLE = YES;
				MACOSX_DEPLOYMENT_TARGET = 10.12;
				MTL_ENABLE_DEBUG_INFO = YES;
				ONLY_ACTIVE_ARCH = YES;
				SDKROOT = macosx;
			};
			name = Debug;
		};
		BCCEAB0E1DF46C5200CC936C /* Release */ = {
			isa = XCBuildConfiguration;
			buildSettings = {
				ALWAYS_SEARCH_USER_PATHS = NO;
				CLANG_ANALYZER_NONNULL = YES;
				CLANG_CXX_LANGUAGE_STANDARD = "gnu++0x";
				CLANG_CXX_LIBRARY = "libc++";
				CLANG_ENABLE_MODULES = YES;
				CLANG_ENABLE_OBJC_ARC = YES;
				CLANG_WARN_BOOL_CONVERSION = YES;
				CLANG_WARN_CONSTANT_CONVERSION = YES;
				CLANG_WARN_DIRECT_OBJC_ISA_USAGE = YES_ERROR;
				CLANG_WARN_DOCUMENTATION_COMMENTS = YES;
				CLANG_WARN_EMPTY_BODY = YES;
				CLANG_WARN_ENUM_CONVERSION = YES;
				CLANG_WARN_INFINITE_RECURSION = YES;
				CLANG_WARN_INT_CONVERSION = YES;
				CLANG_WARN_OBJC_ROOT_CLASS = YES_ERROR;
				CLANG_WARN_SUSPICIOUS_MOVE = YES;
				CLANG_WARN_SUSPICIOUS_MOVES = YES;
				CLANG_WARN_UNREACHABLE_CODE = YES;
				CLANG_WARN__DUPLICATE_METHOD_MATCH = YES;
				CODE_SIGN_IDENTITY = "";
				COPY_PHASE_STRIP = NO;
				DEBUG_INFORMATION_FORMAT = "dwarf-with-dsym";
				ENABLE_NS_ASSERTIONS = NO;
				ENABLE_STRICT_OBJC_MSGSEND = YES;
				GCC_C_LANGUAGE_STANDARD = gnu99;
				GCC_NO_COMMON_BLOCKS = YES;
				GCC_WARN_64_TO_32_BIT_CONVERSION = YES;
				GCC_WARN_ABOUT_RETURN_TYPE = YES_ERROR;
				GCC_WARN_UNDECLARED_SELECTOR = YES;
				GCC_WARN_UNINITIALIZED_AUTOS = YES_AGGRESSIVE;
				GCC_WARN_UNUSED_FUNCTION = YES;
				GCC_WARN_UNUSED_VARIABLE = YES;
				MACOSX_DEPLOYMENT_TARGET = 10.12;
				MTL_ENABLE_DEBUG_INFO = NO;
				SDKROOT = macosx;
			};
			name = Release;
		};
/* End XCBuildConfiguration section */

/* Begin XCConfigurationList section */
		BC15281D1EF18FD600150479 /* Build configuration list for PBXNativeTarget "MirrorBrowser" */ = {
			isa = XCConfigurationList;
			buildConfigurations = (
				BC15281B1EF18FD600150479 /* Debug */,
				BC15281C1EF18FD600150479 /* Release */,
			);
			defaultConfigurationIsVisible = 0;
			defaultConfigurationName = Release;
		};
		BCB5AF751E196F0600244DDB /* Build configuration list for PBXNativeTarget "HearthMirrorFW" */ = {
			isa = XCConfigurationList;
			buildConfigurations = (
				BCB5AF731E196F0600244DDB /* Debug */,
				BCB5AF741E196F0600244DDB /* Release */,
			);
			defaultConfigurationIsVisible = 0;
			defaultConfigurationName = Release;
		};
		BCC527341E11760F00F8DE94 /* Build configuration list for PBXNativeTarget "TestAppMacOS" */ = {
			isa = XCConfigurationList;
			buildConfigurations = (
				BCC527321E11760F00F8DE94 /* Debug */,
				BCC527331E11760F00F8DE94 /* Release */,
			);
			defaultConfigurationIsVisible = 0;
			defaultConfigurationName = Release;
		};
		BCC527411E11768500F8DE94 /* Build configuration list for PBXNativeTarget "HearthMirrorLib" */ = {
			isa = XCConfigurationList;
			buildConfigurations = (
				BCC527421E11768500F8DE94 /* Debug */,
				BCC527431E11768500F8DE94 /* Release */,
			);
			defaultConfigurationIsVisible = 0;
			defaultConfigurationName = Release;
		};
		BCCEAB031DF46C5200CC936C /* Build configuration list for PBXProject "HearthMirror" */ = {
			isa = XCConfigurationList;
			buildConfigurations = (
				BCCEAB0D1DF46C5200CC936C /* Debug */,
				BCCEAB0E1DF46C5200CC936C /* Release */,
			);
			defaultConfigurationIsVisible = 0;
			defaultConfigurationName = Release;
		};
/* End XCConfigurationList section */
	};
	rootObject = BCCEAB001DF46C5200CC936C /* Project object */;
}
